// !$*UTF8*$!
{
	archiveVersion = 1;
	classes = {
	};
	objectVersion = 56;
	objects = {

/* Begin PBXBuildFile section */
		A024D73B2C0EBCEF00B95600 /* MentorMeetUp.swift in Sources */ = {isa = PBXBuildFile; fileRef = A024D73A2C0EBCEF00B95600 /* MentorMeetUp.swift */; };
		A024D7592C0FE49000B95600 /* SupportAreaMentorMeetUp.swift in Sources */ = {isa = PBXBuildFile; fileRef = A024D7582C0FE49000B95600 /* SupportAreaMentorMeetUp.swift */; };
		A024D75B2C0FE6ED00B95600 /* CategoryButton.swift in Sources */ = {isa = PBXBuildFile; fileRef = A024D75A2C0FE6ED00B95600 /* CategoryButton.swift */; };
		A024D75F2C0FF0ED00B95600 /* MentorHomeScreen.swift in Sources */ = {isa = PBXBuildFile; fileRef = A024D75E2C0FF0ED00B95600 /* MentorHomeScreen.swift */; };
		A024D7612C0FF48C00B95600 /* StudentRow.swift in Sources */ = {isa = PBXBuildFile; fileRef = A024D7602C0FF48C00B95600 /* StudentRow.swift */; };
		A024D7632C10075600B95600 /* StudentRequestRow.swift in Sources */ = {isa = PBXBuildFile; fileRef = A024D7622C10075600B95600 /* StudentRequestRow.swift */; };
		A024D7652C10166300B95600 /* UpcomingMeetUpsListView.swift in Sources */ = {isa = PBXBuildFile; fileRef = A024D7642C10166300B95600 /* UpcomingMeetUpsListView.swift */; };
		A08BEABA2C17E21F0037322F /* TransportAppRow.swift in Sources */ = {isa = PBXBuildFile; fileRef = A08BEAB92C17E21F0037322F /* TransportAppRow.swift */; };
		A0C82AB22C11343900CB6CA5 /* StudentDetail.swift in Sources */ = {isa = PBXBuildFile; fileRef = A0C82AB12C11343900CB6CA5 /* StudentDetail.swift */; };
		A0C82AB42C115CEE00CB6CA5 /* MeetUpRequestListView.swift in Sources */ = {isa = PBXBuildFile; fileRef = A0C82AB32C115CEE00CB6CA5 /* MeetUpRequestListView.swift */; };
		A0C82ABC2C1285A200CB6CA5 /* HousingInfoView.swift in Sources */ = {isa = PBXBuildFile; fileRef = A0C82ABB2C1285A200CB6CA5 /* HousingInfoView.swift */; };
		A0C82ABE2C128F3100CB6CA5 /* PublicTransportInfoView.swift in Sources */ = {isa = PBXBuildFile; fileRef = A0C82ABD2C128F3100CB6CA5 /* PublicTransportInfoView.swift */; };
		A0C82AC02C12919A00CB6CA5 /* PublicTransportRow.swift in Sources */ = {isa = PBXBuildFile; fileRef = A0C82ABF2C12919A00CB6CA5 /* PublicTransportRow.swift */; };
		A0C82ACD2C12B4EC00CB6CA5 /* OpalCardView.swift in Sources */ = {isa = PBXBuildFile; fileRef = A0C82ACC2C12B4EC00CB6CA5 /* OpalCardView.swift */; };
		A0C82ACF2C12B73300CB6CA5 /* TransportAppsView.swift in Sources */ = {isa = PBXBuildFile; fileRef = A0C82ACE2C12B73300CB6CA5 /* TransportAppsView.swift */; };
		E37C3B522C098D7A00DEA61D /* SeasonedApp.swift in Sources */ = {isa = PBXBuildFile; fileRef = E37C3B512C098D7A00DEA61D /* SeasonedApp.swift */; };
		E37C3B542C098D7A00DEA61D /* ContentView.swift in Sources */ = {isa = PBXBuildFile; fileRef = E37C3B532C098D7A00DEA61D /* ContentView.swift */; };
		E37C3B562C098D7B00DEA61D /* Assets.xcassets in Resources */ = {isa = PBXBuildFile; fileRef = E37C3B552C098D7B00DEA61D /* Assets.xcassets */; };
		E37C3B592C098D7B00DEA61D /* Preview Assets.xcassets in Resources */ = {isa = PBXBuildFile; fileRef = E37C3B582C098D7B00DEA61D /* Preview Assets.xcassets */; };
/* End PBXBuildFile section */

/* Begin PBXFileReference section */
		A024D73A2C0EBCEF00B95600 /* MentorMeetUp.swift */ = {isa = PBXFileReference; lastKnownFileType = sourcecode.swift; path = MentorMeetUp.swift; sourceTree = "<group>"; };
		A024D7582C0FE49000B95600 /* SupportAreaMentorMeetUp.swift */ = {isa = PBXFileReference; lastKnownFileType = sourcecode.swift; path = SupportAreaMentorMeetUp.swift; sourceTree = "<group>"; };
		A024D75A2C0FE6ED00B95600 /* CategoryButton.swift */ = {isa = PBXFileReference; lastKnownFileType = sourcecode.swift; path = CategoryButton.swift; sourceTree = "<group>"; };
		A024D75E2C0FF0ED00B95600 /* MentorHomeScreen.swift */ = {isa = PBXFileReference; lastKnownFileType = sourcecode.swift; path = MentorHomeScreen.swift; sourceTree = "<group>"; };
		A024D7602C0FF48C00B95600 /* StudentRow.swift */ = {isa = PBXFileReference; lastKnownFileType = sourcecode.swift; path = StudentRow.swift; sourceTree = "<group>"; };
		A024D7622C10075600B95600 /* StudentRequestRow.swift */ = {isa = PBXFileReference; lastKnownFileType = sourcecode.swift; path = StudentRequestRow.swift; sourceTree = "<group>"; };
		A024D7642C10166300B95600 /* UpcomingMeetUpsListView.swift */ = {isa = PBXFileReference; lastKnownFileType = sourcecode.swift; path = UpcomingMeetUpsListView.swift; sourceTree = "<group>"; };
		A08BEAB92C17E21F0037322F /* TransportAppRow.swift */ = {isa = PBXFileReference; lastKnownFileType = sourcecode.swift; path = TransportAppRow.swift; sourceTree = "<group>"; };
		A0C82AB12C11343900CB6CA5 /* StudentDetail.swift */ = {isa = PBXFileReference; lastKnownFileType = sourcecode.swift; path = StudentDetail.swift; sourceTree = "<group>"; };
		A0C82AB32C115CEE00CB6CA5 /* MeetUpRequestListView.swift */ = {isa = PBXFileReference; lastKnownFileType = sourcecode.swift; path = MeetUpRequestListView.swift; sourceTree = "<group>"; };
		A0C82ABB2C1285A200CB6CA5 /* HousingInfoView.swift */ = {isa = PBXFileReference; lastKnownFileType = sourcecode.swift; path = HousingInfoView.swift; sourceTree = "<group>"; };
		A0C82ABD2C128F3100CB6CA5 /* PublicTransportInfoView.swift */ = {isa = PBXFileReference; lastKnownFileType = sourcecode.swift; path = PublicTransportInfoView.swift; sourceTree = "<group>"; };
		A0C82ABF2C12919A00CB6CA5 /* PublicTransportRow.swift */ = {isa = PBXFileReference; lastKnownFileType = sourcecode.swift; path = PublicTransportRow.swift; sourceTree = "<group>"; };
		A0C82ACC2C12B4EC00CB6CA5 /* OpalCardView.swift */ = {isa = PBXFileReference; lastKnownFileType = sourcecode.swift; path = OpalCardView.swift; sourceTree = "<group>"; };
		A0C82ACE2C12B73300CB6CA5 /* TransportAppsView.swift */ = {isa = PBXFileReference; lastKnownFileType = sourcecode.swift; path = TransportAppsView.swift; sourceTree = "<group>"; };
		E37C3B4E2C098D7A00DEA61D /* Seasoned.app */ = {isa = PBXFileReference; explicitFileType = wrapper.application; includeInIndex = 0; path = Seasoned.app; sourceTree = BUILT_PRODUCTS_DIR; };
		E37C3B512C098D7A00DEA61D /* SeasonedApp.swift */ = {isa = PBXFileReference; lastKnownFileType = sourcecode.swift; path = SeasonedApp.swift; sourceTree = "<group>"; };
		E37C3B532C098D7A00DEA61D /* ContentView.swift */ = {isa = PBXFileReference; lastKnownFileType = sourcecode.swift; path = ContentView.swift; sourceTree = "<group>"; };
		E37C3B552C098D7B00DEA61D /* Assets.xcassets */ = {isa = PBXFileReference; lastKnownFileType = folder.assetcatalog; path = Assets.xcassets; sourceTree = "<group>"; };
		E37C3B582C098D7B00DEA61D /* Preview Assets.xcassets */ = {isa = PBXFileReference; lastKnownFileType = folder.assetcatalog; path = "Preview Assets.xcassets"; sourceTree = "<group>"; };
/* End PBXFileReference section */

/* Begin PBXFrameworksBuildPhase section */
		E37C3B4B2C098D7A00DEA61D /* Frameworks */ = {
			isa = PBXFrameworksBuildPhase;
			buildActionMask = 2147483647;
			files = (
			);
			runOnlyForDeploymentPostprocessing = 0;
		};
/* End PBXFrameworksBuildPhase section */

/* Begin PBXGroup section */
		A0C82AB72C11602C00CB6CA5 /* Views */ = {
			isa = PBXGroup;
			children = (
				A0C82AB92C11604900CB6CA5 /* Screens */,
				A0C82ABA2C11605500CB6CA5 /* Extras */,
				A0C82AB82C11603C00CB6CA5 /* Rows */,
			);
			path = Views;
			sourceTree = "<group>";
		};
		A0C82AB82C11603C00CB6CA5 /* Rows */ = {
			isa = PBXGroup;
			children = (
				A024D7602C0FF48C00B95600 /* StudentRow.swift */,
				A024D7622C10075600B95600 /* StudentRequestRow.swift */,
				A0C82ABF2C12919A00CB6CA5 /* PublicTransportRow.swift */,
				A08BEAB92C17E21F0037322F /* TransportAppRow.swift */,
			);
			path = Rows;
			sourceTree = "<group>";
		};
		A0C82AB92C11604900CB6CA5 /* Screens */ = {
			isa = PBXGroup;
			children = (
				A024D73A2C0EBCEF00B95600 /* MentorMeetUp.swift */,
				A024D75E2C0FF0ED00B95600 /* MentorHomeScreen.swift */,
				A0C82AB32C115CEE00CB6CA5 /* MeetUpRequestListView.swift */,
				A024D7642C10166300B95600 /* UpcomingMeetUpsListView.swift */,
				A0C82AB12C11343900CB6CA5 /* StudentDetail.swift */,
				A0C82ABB2C1285A200CB6CA5 /* HousingInfoView.swift */,
				A0C82ABD2C128F3100CB6CA5 /* PublicTransportInfoView.swift */,
				A0C82ACB2C12ACF000CB6CA5 /* Transport Views */,
			);
			path = Screens;
			sourceTree = "<group>";
		};
		A0C82ABA2C11605500CB6CA5 /* Extras */ = {
			isa = PBXGroup;
			children = (
				A024D7582C0FE49000B95600 /* SupportAreaMentorMeetUp.swift */,
				A024D75A2C0FE6ED00B95600 /* CategoryButton.swift */,
			);
			path = Extras;
			sourceTree = "<group>";
		};
		A0C82ACB2C12ACF000CB6CA5 /* Transport Views */ = {
			isa = PBXGroup;
			children = (
				A0C82ACC2C12B4EC00CB6CA5 /* OpalCardView.swift */,
				A0C82ACE2C12B73300CB6CA5 /* TransportAppsView.swift */,
			);
			path = "Transport Views";
			sourceTree = "<group>";
		};
		E37C3B452C098D7A00DEA61D = {
			isa = PBXGroup;
			children = (
				E37C3B502C098D7A00DEA61D /* Seasoned */,
				E37C3B4F2C098D7A00DEA61D /* Products */,
			);
			sourceTree = "<group>";
		};
		E37C3B4F2C098D7A00DEA61D /* Products */ = {
			isa = PBXGroup;
			children = (
				E37C3B4E2C098D7A00DEA61D /* Seasoned.app */,
			);
			name = Products;
			sourceTree = "<group>";
		};
		E37C3B502C098D7A00DEA61D /* Seasoned */ = {
			isa = PBXGroup;
			children = (
				E37C3B512C098D7A00DEA61D /* SeasonedApp.swift */,
				E37C3B532C098D7A00DEA61D /* ContentView.swift */,
				A0C82AB72C11602C00CB6CA5 /* Views */,
				E37C3B552C098D7B00DEA61D /* Assets.xcassets */,
				E37C3B572C098D7B00DEA61D /* Preview Content */,
			);
			path = Seasoned;
			sourceTree = "<group>";
		};
		E37C3B572C098D7B00DEA61D /* Preview Content */ = {
			isa = PBXGroup;
			children = (
				E37C3B582C098D7B00DEA61D /* Preview Assets.xcassets */,
			);
			path = "Preview Content";
			sourceTree = "<group>";
		};
/* End PBXGroup section */

/* Begin PBXNativeTarget section */
		E37C3B4D2C098D7A00DEA61D /* Seasoned */ = {
			isa = PBXNativeTarget;
			buildConfigurationList = E37C3B5C2C098D7B00DEA61D /* Build configuration list for PBXNativeTarget "Seasoned" */;
			buildPhases = (
				E37C3B4A2C098D7A00DEA61D /* Sources */,
				E37C3B4B2C098D7A00DEA61D /* Frameworks */,
				E37C3B4C2C098D7A00DEA61D /* Resources */,
			);
			buildRules = (
			);
			dependencies = (
			);
			name = Seasoned;
			productName = Seasoned;
			productReference = E37C3B4E2C098D7A00DEA61D /* Seasoned.app */;
			productType = "com.apple.product-type.application";
		};
/* End PBXNativeTarget section */

/* Begin PBXProject section */
		E37C3B462C098D7A00DEA61D /* Project object */ = {
			isa = PBXProject;
			attributes = {
				BuildIndependentTargetsInParallel = 1;
				LastSwiftUpdateCheck = 1540;
				LastUpgradeCheck = 1540;
				TargetAttributes = {
					E37C3B4D2C098D7A00DEA61D = {
						CreatedOnToolsVersion = 15.4;
					};
				};
			};
			buildConfigurationList = E37C3B492C098D7A00DEA61D /* Build configuration list for PBXProject "Seasoned" */;
			compatibilityVersion = "Xcode 14.0";
			developmentRegion = en;
			hasScannedForEncodings = 0;
			knownRegions = (
				en,
				Base,
			);
			mainGroup = E37C3B452C098D7A00DEA61D;
			productRefGroup = E37C3B4F2C098D7A00DEA61D /* Products */;
			projectDirPath = "";
			projectRoot = "";
			targets = (
				E37C3B4D2C098D7A00DEA61D /* Seasoned */,
			);
		};
/* End PBXProject section */

/* Begin PBXResourcesBuildPhase section */
		E37C3B4C2C098D7A00DEA61D /* Resources */ = {
			isa = PBXResourcesBuildPhase;
			buildActionMask = 2147483647;
			files = (
				E37C3B592C098D7B00DEA61D /* Preview Assets.xcassets in Resources */,
				E37C3B562C098D7B00DEA61D /* Assets.xcassets in Resources */,
			);
			runOnlyForDeploymentPostprocessing = 0;
		};
/* End PBXResourcesBuildPhase section */

/* Begin PBXSourcesBuildPhase section */
		E37C3B4A2C098D7A00DEA61D /* Sources */ = {
			isa = PBXSourcesBuildPhase;
			buildActionMask = 2147483647;
			files = (
				A0C82ABC2C1285A200CB6CA5 /* HousingInfoView.swift in Sources */,
				E37C3B542C098D7A00DEA61D /* ContentView.swift in Sources */,
				A024D75F2C0FF0ED00B95600 /* MentorHomeScreen.swift in Sources */,
				A0C82ACF2C12B73300CB6CA5 /* TransportAppsView.swift in Sources */,
				A0C82ABE2C128F3100CB6CA5 /* PublicTransportInfoView.swift in Sources */,
				A024D7632C10075600B95600 /* StudentRequestRow.swift in Sources */,
				A0C82AB42C115CEE00CB6CA5 /* MeetUpRequestListView.swift in Sources */,
				A024D75B2C0FE6ED00B95600 /* CategoryButton.swift in Sources */,
				A024D73B2C0EBCEF00B95600 /* MentorMeetUp.swift in Sources */,
				A0C82AB22C11343900CB6CA5 /* StudentDetail.swift in Sources */,
				A024D7612C0FF48C00B95600 /* StudentRow.swift in Sources */,
				E37C3B522C098D7A00DEA61D /* SeasonedApp.swift in Sources */,
				A0C82AC02C12919A00CB6CA5 /* PublicTransportRow.swift in Sources */,
				A08BEABA2C17E21F0037322F /* TransportAppRow.swift in Sources */,
				A024D7652C10166300B95600 /* UpcomingMeetUpsListView.swift in Sources */,
				A0C82ACD2C12B4EC00CB6CA5 /* OpalCardView.swift in Sources */,
				A024D7592C0FE49000B95600 /* SupportAreaMentorMeetUp.swift in Sources */,
			);
			runOnlyForDeploymentPostprocessing = 0;
		};
/* End PBXSourcesBuildPhase section */

/* Begin XCBuildConfiguration section */
		E37C3B5A2C098D7B00DEA61D /* Debug */ = {
			isa = XCBuildConfiguration;
			buildSettings = {
				ALWAYS_SEARCH_USER_PATHS = NO;
				ASSETCATALOG_COMPILER_GENERATE_SWIFT_ASSET_SYMBOL_EXTENSIONS = YES;
				CLANG_ANALYZER_NONNULL = YES;
				CLANG_ANALYZER_NUMBER_OBJECT_CONVERSION = YES_AGGRESSIVE;
				CLANG_CXX_LANGUAGE_STANDARD = "gnu++20";
				CLANG_ENABLE_MODULES = YES;
				CLANG_ENABLE_OBJC_ARC = YES;
				CLANG_ENABLE_OBJC_WEAK = YES;
				CLANG_WARN_BLOCK_CAPTURE_AUTORELEASING = YES;
				CLANG_WARN_BOOL_CONVERSION = YES;
				CLANG_WARN_COMMA = YES;
				CLANG_WARN_CONSTANT_CONVERSION = YES;
				CLANG_WARN_DEPRECATED_OBJC_IMPLEMENTATIONS = YES;
				CLANG_WARN_DIRECT_OBJC_ISA_USAGE = YES_ERROR;
				CLANG_WARN_DOCUMENTATION_COMMENTS = YES;
				CLANG_WARN_EMPTY_BODY = YES;
				CLANG_WARN_ENUM_CONVERSION = YES;
				CLANG_WARN_INFINITE_RECURSION = YES;
				CLANG_WARN_INT_CONVERSION = YES;
				CLANG_WARN_NON_LITERAL_NULL_CONVERSION = YES;
				CLANG_WARN_OBJC_IMPLICIT_RETAIN_SELF = YES;
				CLANG_WARN_OBJC_LITERAL_CONVERSION = YES;
				CLANG_WARN_OBJC_ROOT_CLASS = YES_ERROR;
				CLANG_WARN_QUOTED_INCLUDE_IN_FRAMEWORK_HEADER = YES;
				CLANG_WARN_RANGE_LOOP_ANALYSIS = YES;
				CLANG_WARN_STRICT_PROTOTYPES = YES;
				CLANG_WARN_SUSPICIOUS_MOVE = YES;
				CLANG_WARN_UNGUARDED_AVAILABILITY = YES_AGGRESSIVE;
				CLANG_WARN_UNREACHABLE_CODE = YES;
				CLANG_WARN__DUPLICATE_METHOD_MATCH = YES;
				COPY_PHASE_STRIP = NO;
				DEBUG_INFORMATION_FORMAT = dwarf;
				ENABLE_STRICT_OBJC_MSGSEND = YES;
				ENABLE_TESTABILITY = YES;
				ENABLE_USER_SCRIPT_SANDBOXING = YES;
				GCC_C_LANGUAGE_STANDARD = gnu17;
				GCC_DYNAMIC_NO_PIC = NO;
				GCC_NO_COMMON_BLOCKS = YES;
				GCC_OPTIMIZATION_LEVEL = 0;
				GCC_PREPROCESSOR_DEFINITIONS = (
					"DEBUG=1",
					"$(inherited)",
				);
				GCC_WARN_64_TO_32_BIT_CONVERSION = YES;
				GCC_WARN_ABOUT_RETURN_TYPE = YES_ERROR;
				GCC_WARN_UNDECLARED_SELECTOR = YES;
				GCC_WARN_UNINITIALIZED_AUTOS = YES_AGGRESSIVE;
				GCC_WARN_UNUSED_FUNCTION = YES;
				GCC_WARN_UNUSED_VARIABLE = YES;
				IPHONEOS_DEPLOYMENT_TARGET = 17.5;
				LOCALIZATION_PREFERS_STRING_CATALOGS = YES;
				MTL_ENABLE_DEBUG_INFO = INCLUDE_SOURCE;
				MTL_FAST_MATH = YES;
				ONLY_ACTIVE_ARCH = YES;
				SDKROOT = iphoneos;
				SWIFT_ACTIVE_COMPILATION_CONDITIONS = "DEBUG $(inherited)";
				SWIFT_OPTIMIZATION_LEVEL = "-Onone";
			};
			name = Debug;
		};
		E37C3B5B2C098D7B00DEA61D /* Release */ = {
			isa = XCBuildConfiguration;
			buildSettings = {
				ALWAYS_SEARCH_USER_PATHS = NO;
				ASSETCATALOG_COMPILER_GENERATE_SWIFT_ASSET_SYMBOL_EXTENSIONS = YES;
				CLANG_ANALYZER_NONNULL = YES;
				CLANG_ANALYZER_NUMBER_OBJECT_CONVERSION = YES_AGGRESSIVE;
				CLANG_CXX_LANGUAGE_STANDARD = "gnu++20";
				CLANG_ENABLE_MODULES = YES;
				CLANG_ENABLE_OBJC_ARC = YES;
				CLANG_ENABLE_OBJC_WEAK = YES;
				CLANG_WARN_BLOCK_CAPTURE_AUTORELEASING = YES;
				CLANG_WARN_BOOL_CONVERSION = YES;
				CLANG_WARN_COMMA = YES;
				CLANG_WARN_CONSTANT_CONVERSION = YES;
				CLANG_WARN_DEPRECATED_OBJC_IMPLEMENTATIONS = YES;
				CLANG_WARN_DIRECT_OBJC_ISA_USAGE = YES_ERROR;
				CLANG_WARN_DOCUMENTATION_COMMENTS = YES;
				CLANG_WARN_EMPTY_BODY = YES;
				CLANG_WARN_ENUM_CONVERSION = YES;
				CLANG_WARN_INFINITE_RECURSION = YES;
				CLANG_WARN_INT_CONVERSION = YES;
				CLANG_WARN_NON_LITERAL_NULL_CONVERSION = YES;
				CLANG_WARN_OBJC_IMPLICIT_RETAIN_SELF = YES;
				CLANG_WARN_OBJC_LITERAL_CONVERSION = YES;
				CLANG_WARN_OBJC_ROOT_CLASS = YES_ERROR;
				CLANG_WARN_QUOTED_INCLUDE_IN_FRAMEWORK_HEADER = YES;
				CLANG_WARN_RANGE_LOOP_ANALYSIS = YES;
				CLANG_WARN_STRICT_PROTOTYPES = YES;
				CLANG_WARN_SUSPICIOUS_MOVE = YES;
				CLANG_WARN_UNGUARDED_AVAILABILITY = YES_AGGRESSIVE;
				CLANG_WARN_UNREACHABLE_CODE = YES;
				CLANG_WARN__DUPLICATE_METHOD_MATCH = YES;
				COPY_PHASE_STRIP = NO;
				DEBUG_INFORMATION_FORMAT = "dwarf-with-dsym";
				ENABLE_NS_ASSERTIONS = NO;
				ENABLE_STRICT_OBJC_MSGSEND = YES;
				ENABLE_USER_SCRIPT_SANDBOXING = YES;
				GCC_C_LANGUAGE_STANDARD = gnu17;
				GCC_NO_COMMON_BLOCKS = YES;
				GCC_WARN_64_TO_32_BIT_CONVERSION = YES;
				GCC_WARN_ABOUT_RETURN_TYPE = YES_ERROR;
				GCC_WARN_UNDECLARED_SELECTOR = YES;
				GCC_WARN_UNINITIALIZED_AUTOS = YES_AGGRESSIVE;
				GCC_WARN_UNUSED_FUNCTION = YES;
				GCC_WARN_UNUSED_VARIABLE = YES;
				IPHONEOS_DEPLOYMENT_TARGET = 17.5;
				LOCALIZATION_PREFERS_STRING_CATALOGS = YES;
				MTL_ENABLE_DEBUG_INFO = NO;
				MTL_FAST_MATH = YES;
				SDKROOT = iphoneos;
				SWIFT_COMPILATION_MODE = wholemodule;
				VALIDATE_PRODUCT = YES;
			};
			name = Release;
		};
		E37C3B5D2C098D7B00DEA61D /* Debug */ = {
			isa = XCBuildConfiguration;
			buildSettings = {
				ASSETCATALOG_COMPILER_APPICON_NAME = AppIcon;
				ASSETCATALOG_COMPILER_GLOBAL_ACCENT_COLOR_NAME = AccentColor;
				CODE_SIGN_STYLE = Automatic;
				CURRENT_PROJECT_VERSION = 1;
				DEVELOPMENT_ASSET_PATHS = "\"Seasoned/Preview Content\"";
				ENABLE_PREVIEWS = YES;
				GENERATE_INFOPLIST_FILE = YES;
				INFOPLIST_KEY_UIApplicationSceneManifest_Generation = YES;
				INFOPLIST_KEY_UIApplicationSupportsIndirectInputEvents = YES;
				INFOPLIST_KEY_UILaunchScreen_Generation = YES;
				INFOPLIST_KEY_UISupportedInterfaceOrientations_iPad = "UIInterfaceOrientationPortrait UIInterfaceOrientationPortraitUpsideDown UIInterfaceOrientationLandscapeLeft UIInterfaceOrientationLandscapeRight";
				INFOPLIST_KEY_UISupportedInterfaceOrientations_iPhone = "UIInterfaceOrientationPortrait UIInterfaceOrientationLandscapeLeft UIInterfaceOrientationLandscapeRight";
				LD_RUNPATH_SEARCH_PATHS = (
					"$(inherited)",
					"@executable_path/Frameworks",
				);
				MARKETING_VERSION = 1.0;
				PRODUCT_BUNDLE_IDENTIFIER = au.edu.uts.Seasoned;
				PRODUCT_NAME = "$(TARGET_NAME)";
				SWIFT_EMIT_LOC_STRINGS = YES;
				SWIFT_VERSION = 5.0;
				TARGETED_DEVICE_FAMILY = "1,2";
			};
			name = Debug;
		};
		E37C3B5E2C098D7B00DEA61D /* Release */ = {
			isa = XCBuildConfiguration;
			buildSettings = {
				ASSETCATALOG_COMPILER_APPICON_NAME = AppIcon;
				ASSETCATALOG_COMPILER_GLOBAL_ACCENT_COLOR_NAME = AccentColor;
				CODE_SIGN_STYLE = Automatic;
				CURRENT_PROJECT_VERSION = 1;
				DEVELOPMENT_ASSET_PATHS = "\"Seasoned/Preview Content\"";
				ENABLE_PREVIEWS = YES;
				GENERATE_INFOPLIST_FILE = YES;
				INFOPLIST_KEY_UIApplicationSceneManifest_Generation = YES;
				INFOPLIST_KEY_UIApplicationSupportsIndirectInputEvents = YES;
				INFOPLIST_KEY_UILaunchScreen_Generation = YES;
				INFOPLIST_KEY_UISupportedInterfaceOrientations_iPad = "UIInterfaceOrientationPortrait UIInterfaceOrientationPortraitUpsideDown UIInterfaceOrientationLandscapeLeft UIInterfaceOrientationLandscapeRight";
				INFOPLIST_KEY_UISupportedInterfaceOrientations_iPhone = "UIInterfaceOrientationPortrait UIInterfaceOrientationLandscapeLeft UIInterfaceOrientationLandscapeRight";
				LD_RUNPATH_SEARCH_PATHS = (
					"$(inherited)",
					"@executable_path/Frameworks",
				);
				MARKETING_VERSION = 1.0;
				PRODUCT_BUNDLE_IDENTIFIER = au.edu.uts.Seasoned;
				PRODUCT_NAME = "$(TARGET_NAME)";
				SWIFT_EMIT_LOC_STRINGS = YES;
				SWIFT_VERSION = 5.0;
				TARGETED_DEVICE_FAMILY = "1,2";
			};
			name = Release;
		};
/* End XCBuildConfiguration section */

/* Begin XCConfigurationList section */
		E37C3B492C098D7A00DEA61D /* Build configuration list for PBXProject "Seasoned" */ = {
			isa = XCConfigurationList;
			buildConfigurations = (
				E37C3B5A2C098D7B00DEA61D /* Debug */,
				E37C3B5B2C098D7B00DEA61D /* Release */,
			);
			defaultConfigurationIsVisible = 0;
			defaultConfigurationName = Release;
		};
		E37C3B5C2C098D7B00DEA61D /* Build configuration list for PBXNativeTarget "Seasoned" */ = {
			isa = XCConfigurationList;
			buildConfigurations = (
				E37C3B5D2C098D7B00DEA61D /* Debug */,
				E37C3B5E2C098D7B00DEA61D /* Release */,
			);
			defaultConfigurationIsVisible = 0;
			defaultConfigurationName = Release;
		};
/* End XCConfigurationList section */
	};
	rootObject = E37C3B462C098D7A00DEA61D /* Project object */;
}
