// !$*UTF8*$!
{
	archiveVersion = 1;
	classes = {
	};
	objectVersion = 56;
	objects = {

/* Begin PBXBuildFile section */
		7F99B09F2C113C7B00B35C69 /* MentorDescription.swift in Sources */ = {isa = PBXBuildFile; fileRef = 7F99B09E2C113C7B00B35C69 /* MentorDescription.swift */; };
		7F99B0A32C113CCD00B35C69 /* MentorImage.swift in Sources */ = {isa = PBXBuildFile; fileRef = 7F99B0A22C113CCD00B35C69 /* MentorImage.swift */; };
		7F99B0B52C17D4C400B35C69 /* RequestToConnectButton.swift in Sources */ = {isa = PBXBuildFile; fileRef = 7F99B0B42C17D4C400B35C69 /* RequestToConnectButton.swift */; };
		E30C28BA2C0DF072004C9B4D /* SupportAreaView.swift in Sources */ = {isa = PBXBuildFile; fileRef = E30C28B92C0DF072004C9B4D /* SupportAreaView.swift */; };
		E30C28BD2C0DF1B5004C9B4D /* mentorData.json in Resources */ = {isa = PBXBuildFile; fileRef = E30C28BC2C0DF1B5004C9B4D /* mentorData.json */; };
		E30C28C02C0DF250004C9B4D /* Mentor.swift in Sources */ = {isa = PBXBuildFile; fileRef = E30C28BF2C0DF250004C9B4D /* Mentor.swift */; };
		E30C28C22C0DF2DD004C9B4D /* MentorData.swift in Sources */ = {isa = PBXBuildFile; fileRef = E30C28C12C0DF2DD004C9B4D /* MentorData.swift */; };
		E30C28C42C0DF311004C9B4D /* MentorRow.swift in Sources */ = {isa = PBXBuildFile; fileRef = E30C28C32C0DF311004C9B4D /* MentorRow.swift */; };
		E30C28C62C0DFB57004C9B4D /* MentorList.swift in Sources */ = {isa = PBXBuildFile; fileRef = E30C28C52C0DFB57004C9B4D /* MentorList.swift */; };
		E3545EFC2C0F64A700452CAA /* Messaging.swift in Sources */ = {isa = PBXBuildFile; fileRef = E3545EFB2C0F64A700452CAA /* Messaging.swift */; };
		E37C3B522C098D7A00DEA61D /* SeasonedApp.swift in Sources */ = {isa = PBXBuildFile; fileRef = E37C3B512C098D7A00DEA61D /* SeasonedApp.swift */; };
		E37C3B542C098D7A00DEA61D /* ContentView.swift in Sources */ = {isa = PBXBuildFile; fileRef = E37C3B532C098D7A00DEA61D /* ContentView.swift */; };
		E37C3B562C098D7B00DEA61D /* Assets.xcassets in Resources */ = {isa = PBXBuildFile; fileRef = E37C3B552C098D7B00DEA61D /* Assets.xcassets */; };
		E37C3B592C098D7B00DEA61D /* Preview Assets.xcassets in Resources */ = {isa = PBXBuildFile; fileRef = E37C3B582C098D7B00DEA61D /* Preview Assets.xcassets */; };
		E3CF43CD2C0FDE5700258F42 /* GoogleService-Info.plist in Resources */ = {isa = PBXBuildFile; fileRef = E3CF43CC2C0FDE5700258F42 /* GoogleService-Info.plist */; };
		E3CF43D02C0FE37200258F42 /* LoginView.swift in Sources */ = {isa = PBXBuildFile; fileRef = E3CF43CF2C0FE37200258F42 /* LoginView.swift */; };
		E3CF43D32C0FE5D600258F42 /* FirebaseAnalytics in Frameworks */ = {isa = PBXBuildFile; productRef = E3CF43D22C0FE5D600258F42 /* FirebaseAnalytics */; };
		E3CF43D52C0FE5D600258F42 /* FirebaseAuth in Frameworks */ = {isa = PBXBuildFile; productRef = E3CF43D42C0FE5D600258F42 /* FirebaseAuth */; };
		E3CF43D72C0FE5D600258F42 /* FirebaseStorage in Frameworks */ = {isa = PBXBuildFile; productRef = E3CF43D62C0FE5D600258F42 /* FirebaseStorage */; };
		E3CF43DB2C0FEC2D00258F42 /* ImagePicker.swift in Sources */ = {isa = PBXBuildFile; fileRef = E3CF43DA2C0FEC2D00258F42 /* ImagePicker.swift */; };
		E3CF43DE2C0FF8FD00258F42 /* FirebaseFirestore in Frameworks */ = {isa = PBXBuildFile; productRef = E3CF43DD2C0FF8FD00258F42 /* FirebaseFirestore */; };
		E3CF43E32C1007F200258F42 /* SDWebImageSwiftUI in Frameworks */ = {isa = PBXBuildFile; productRef = E3CF43E22C1007F200258F42 /* SDWebImageSwiftUI */; };
		E3CF43E52C101D9900258F42 /* User.swift in Sources */ = {isa = PBXBuildFile; fileRef = E3CF43E42C101D9900258F42 /* User.swift */; };
		E3CF43E92C102A2B00258F42 /* UserManager.swift in Sources */ = {isa = PBXBuildFile; fileRef = E3CF43E82C102A2B00258F42 /* UserManager.swift */; };
		E3CF43EB2C10599F00258F42 /* UserDetailsView.swift in Sources */ = {isa = PBXBuildFile; fileRef = E3CF43EA2C10599F00258F42 /* UserDetailsView.swift */; };
		E3CF43ED2C10637000258F42 /* UserViewModel.swift in Sources */ = {isa = PBXBuildFile; fileRef = E3CF43EC2C10637000258F42 /* UserViewModel.swift */; };
		E3CF43EF2C10732100258F42 /* MainMessageView.swift in Sources */ = {isa = PBXBuildFile; fileRef = E3CF43EE2C10732100258F42 /* MainMessageView.swift */; };
		E3CF43F12C10817E00258F42 /* MainView.swift in Sources */ = {isa = PBXBuildFile; fileRef = E3CF43F02C10817E00258F42 /* MainView.swift */; };
/* End PBXBuildFile section */

/* Begin PBXFileReference section */
		7F99B09E2C113C7B00B35C69 /* MentorDescription.swift */ = {isa = PBXFileReference; lastKnownFileType = sourcecode.swift; path = MentorDescription.swift; sourceTree = "<group>"; };
		7F99B0A22C113CCD00B35C69 /* MentorImage.swift */ = {isa = PBXFileReference; lastKnownFileType = sourcecode.swift; path = MentorImage.swift; sourceTree = "<group>"; };
		7F99B0B42C17D4C400B35C69 /* RequestToConnectButton.swift */ = {isa = PBXFileReference; fileEncoding = 4; lastKnownFileType = sourcecode.swift; path = RequestToConnectButton.swift; sourceTree = "<group>"; };
		E30C28B92C0DF072004C9B4D /* SupportAreaView.swift */ = {isa = PBXFileReference; lastKnownFileType = sourcecode.swift; path = SupportAreaView.swift; sourceTree = "<group>"; };
		E30C28BC2C0DF1B5004C9B4D /* mentorData.json */ = {isa = PBXFileReference; fileEncoding = 4; lastKnownFileType = text.json; path = mentorData.json; sourceTree = "<group>"; };
		E30C28BF2C0DF250004C9B4D /* Mentor.swift */ = {isa = PBXFileReference; lastKnownFileType = sourcecode.swift; path = Mentor.swift; sourceTree = "<group>"; };
		E30C28C12C0DF2DD004C9B4D /* MentorData.swift */ = {isa = PBXFileReference; lastKnownFileType = sourcecode.swift; path = MentorData.swift; sourceTree = "<group>"; };
		E30C28C32C0DF311004C9B4D /* MentorRow.swift */ = {isa = PBXFileReference; lastKnownFileType = sourcecode.swift; path = MentorRow.swift; sourceTree = "<group>"; };
		E30C28C52C0DFB57004C9B4D /* MentorList.swift */ = {isa = PBXFileReference; lastKnownFileType = sourcecode.swift; path = MentorList.swift; sourceTree = "<group>"; };
		E3545EFB2C0F64A700452CAA /* Messaging.swift */ = {isa = PBXFileReference; lastKnownFileType = sourcecode.swift; path = Messaging.swift; sourceTree = "<group>"; };
		E37C3B4E2C098D7A00DEA61D /* Seasoned.app */ = {isa = PBXFileReference; explicitFileType = wrapper.application; includeInIndex = 0; path = Seasoned.app; sourceTree = BUILT_PRODUCTS_DIR; };
		E37C3B512C098D7A00DEA61D /* SeasonedApp.swift */ = {isa = PBXFileReference; lastKnownFileType = sourcecode.swift; path = SeasonedApp.swift; sourceTree = "<group>"; };
		E37C3B532C098D7A00DEA61D /* ContentView.swift */ = {isa = PBXFileReference; lastKnownFileType = sourcecode.swift; path = ContentView.swift; sourceTree = "<group>"; };
		E37C3B552C098D7B00DEA61D /* Assets.xcassets */ = {isa = PBXFileReference; lastKnownFileType = folder.assetcatalog; path = Assets.xcassets; sourceTree = "<group>"; };
		E37C3B582C098D7B00DEA61D /* Preview Assets.xcassets */ = {isa = PBXFileReference; lastKnownFileType = folder.assetcatalog; path = "Preview Assets.xcassets"; sourceTree = "<group>"; };
		E3CF43CC2C0FDE5700258F42 /* GoogleService-Info.plist */ = {isa = PBXFileReference; fileEncoding = 4; lastKnownFileType = text.plist.xml; name = "GoogleService-Info.plist"; path = "../../../../../Downloads/GoogleService-Info.plist"; sourceTree = "<group>"; };
		E3CF43CF2C0FE37200258F42 /* LoginView.swift */ = {isa = PBXFileReference; lastKnownFileType = sourcecode.swift; path = LoginView.swift; sourceTree = "<group>"; };
		E3CF43DA2C0FEC2D00258F42 /* ImagePicker.swift */ = {isa = PBXFileReference; lastKnownFileType = sourcecode.swift; path = ImagePicker.swift; sourceTree = "<group>"; };
		E3CF43E42C101D9900258F42 /* User.swift */ = {isa = PBXFileReference; lastKnownFileType = sourcecode.swift; path = User.swift; sourceTree = "<group>"; };
		E3CF43E82C102A2B00258F42 /* UserManager.swift */ = {isa = PBXFileReference; lastKnownFileType = sourcecode.swift; path = UserManager.swift; sourceTree = "<group>"; };
		E3CF43EA2C10599F00258F42 /* UserDetailsView.swift */ = {isa = PBXFileReference; lastKnownFileType = sourcecode.swift; path = UserDetailsView.swift; sourceTree = "<group>"; };
		E3CF43EC2C10637000258F42 /* UserViewModel.swift */ = {isa = PBXFileReference; lastKnownFileType = sourcecode.swift; path = UserViewModel.swift; sourceTree = "<group>"; };
		E3CF43EE2C10732100258F42 /* MainMessageView.swift */ = {isa = PBXFileReference; fileEncoding = 4; lastKnownFileType = sourcecode.swift; path = MainMessageView.swift; sourceTree = "<group>"; };
		E3CF43F02C10817E00258F42 /* MainView.swift */ = {isa = PBXFileReference; lastKnownFileType = sourcecode.swift; path = MainView.swift; sourceTree = "<group>"; };
/* End PBXFileReference section */

/* Begin PBXFrameworksBuildPhase section */
		E37C3B4B2C098D7A00DEA61D /* Frameworks */ = {
			isa = PBXFrameworksBuildPhase;
			buildActionMask = 2147483647;
			files = (
				E3CF43E32C1007F200258F42 /* SDWebImageSwiftUI in Frameworks */,
				E3CF43D32C0FE5D600258F42 /* FirebaseAnalytics in Frameworks */,
				E3CF43DE2C0FF8FD00258F42 /* FirebaseFirestore in Frameworks */,
				E3CF43D52C0FE5D600258F42 /* FirebaseAuth in Frameworks */,
				E3CF43D72C0FE5D600258F42 /* FirebaseStorage in Frameworks */,
			);
			runOnlyForDeploymentPostprocessing = 0;
		};
/* End PBXFrameworksBuildPhase section */

/* Begin PBXGroup section */
		E30C28BB2C0DF177004C9B4D /* Resources */ = {
			isa = PBXGroup;
			children = (
				E30C28BC2C0DF1B5004C9B4D /* mentorData.json */,
			);
			path = Resources;
			sourceTree = "<group>";
		};
		E30C28BE2C0DF22E004C9B4D /* Model */ = {
			isa = PBXGroup;
			children = (
				E3CF43DA2C0FEC2D00258F42 /* ImagePicker.swift */,
				E30C28BF2C0DF250004C9B4D /* Mentor.swift */,
				E30C28C12C0DF2DD004C9B4D /* MentorData.swift */,
				E3CF43E42C101D9900258F42 /* User.swift */,
				E3CF43E82C102A2B00258F42 /* UserManager.swift */,
				E3CF43EC2C10637000258F42 /* UserViewModel.swift */,
			);
			path = Model;
			sourceTree = "<group>";
		};
		E37C3B452C098D7A00DEA61D = {
			isa = PBXGroup;
			children = (
				E37C3B502C098D7A00DEA61D /* Seasoned */,
				E37C3B4F2C098D7A00DEA61D /* Products */,
				E3CF43DC2C0FF8FD00258F42 /* Frameworks */,
			);
			sourceTree = "<group>";
		};
		E37C3B4F2C098D7A00DEA61D /* Products */ = {
			isa = PBXGroup;
			children = (
				E37C3B4E2C098D7A00DEA61D /* Seasoned.app */,
			);
			name = Products;
			sourceTree = "<group>";
		};
		E37C3B502C098D7A00DEA61D /* Seasoned */ = {
			isa = PBXGroup;
			children = (
				E3CF43CC2C0FDE5700258F42 /* GoogleService-Info.plist */,
				E3CF43CE2C0FE35D00258F42 /* Views */,
				E37C3B552C098D7B00DEA61D /* Assets.xcassets */,
				E30C28BE2C0DF22E004C9B4D /* Model */,
				E30C28BB2C0DF177004C9B4D /* Resources */,
				E37C3B572C098D7B00DEA61D /* Preview Content */,
			);
			path = Seasoned;
			sourceTree = "<group>";
		};
		E37C3B572C098D7B00DEA61D /* Preview Content */ = {
			isa = PBXGroup;
			children = (
				E37C3B582C098D7B00DEA61D /* Preview Assets.xcassets */,
			);
			path = "Preview Content";
			sourceTree = "<group>";
		};
		E3CF43CE2C0FE35D00258F42 /* Views */ = {
			isa = PBXGroup;
			children = (
				E37C3B532C098D7A00DEA61D /* ContentView.swift */,
				E3CF43CF2C0FE37200258F42 /* LoginView.swift */,
				E3CF43EE2C10732100258F42 /* MainMessageView.swift */,
				E30C28C52C0DFB57004C9B4D /* MentorList.swift */,
				E30C28C32C0DF311004C9B4D /* MentorRow.swift */,
				E3545EFB2C0F64A700452CAA /* Messaging.swift */,
				E37C3B512C098D7A00DEA61D /* SeasonedApp.swift */,
				E3CF43F02C10817E00258F42 /* MainView.swift */,
				E30C28B92C0DF072004C9B4D /* SupportAreaView.swift */,
				E3CF43EA2C10599F00258F42 /* UserDetailsView.swift */,
				7F99B09E2C113C7B00B35C69 /* MentorDescription.swift */,
				7F99B0B42C17D4C400B35C69 /* RequestToConnectButton.swift */,
				7F99B0A22C113CCD00B35C69 /* MentorImage.swift */,
			);
			path = Views;
			sourceTree = "<group>";
		};
		E3CF43DC2C0FF8FD00258F42 /* Frameworks */ = {
			isa = PBXGroup;
			children = (
			);
			name = Frameworks;
			sourceTree = "<group>";
		};
/* End PBXGroup section */

/* Begin PBXNativeTarget section */
		E37C3B4D2C098D7A00DEA61D /* Seasoned */ = {
			isa = PBXNativeTarget;
			buildConfigurationList = E37C3B5C2C098D7B00DEA61D /* Build configuration list for PBXNativeTarget "Seasoned" */;
			buildPhases = (
				E37C3B4A2C098D7A00DEA61D /* Sources */,
				E37C3B4B2C098D7A00DEA61D /* Frameworks */,
				E37C3B4C2C098D7A00DEA61D /* Resources */,
			);
			buildRules = (
			);
			dependencies = (
			);
			name = Seasoned;
			packageProductDependencies = (
				E3CF43D22C0FE5D600258F42 /* FirebaseAnalytics */,
				E3CF43D42C0FE5D600258F42 /* FirebaseAuth */,
				E3CF43D62C0FE5D600258F42 /* FirebaseStorage */,
				E3CF43DD2C0FF8FD00258F42 /* FirebaseFirestore */,
				E3CF43E22C1007F200258F42 /* SDWebImageSwiftUI */,
			);
			productName = Seasoned;
			productReference = E37C3B4E2C098D7A00DEA61D /* Seasoned.app */;
			productType = "com.apple.product-type.application";
		};
/* End PBXNativeTarget section */

/* Begin PBXProject section */
		E37C3B462C098D7A00DEA61D /* Project object */ = {
			isa = PBXProject;
			attributes = {
				BuildIndependentTargetsInParallel = 1;
				LastSwiftUpdateCheck = 1540;
				LastUpgradeCheck = 1540;
				TargetAttributes = {
					E37C3B4D2C098D7A00DEA61D = {
						CreatedOnToolsVersion = 15.4;
					};
				};
			};
			buildConfigurationList = E37C3B492C098D7A00DEA61D /* Build configuration list for PBXProject "Seasoned" */;
			compatibilityVersion = "Xcode 14.0";
			developmentRegion = en;
			hasScannedForEncodings = 0;
			knownRegions = (
				en,
				Base,
			);
			mainGroup = E37C3B452C098D7A00DEA61D;
			packageReferences = (
				E3CF43D12C0FE5D600258F42 /* XCRemoteSwiftPackageReference "firebase-ios-sdk" */,
				E3CF43E12C1007F200258F42 /* XCRemoteSwiftPackageReference "SDWebImageSwiftUI" */,
			);
			productRefGroup = E37C3B4F2C098D7A00DEA61D /* Products */;
			projectDirPath = "";
			projectRoot = "";
			targets = (
				E37C3B4D2C098D7A00DEA61D /* Seasoned */,
			);
		};
/* End PBXProject section */

/* Begin PBXResourcesBuildPhase section */
		E37C3B4C2C098D7A00DEA61D /* Resources */ = {
			isa = PBXResourcesBuildPhase;
			buildActionMask = 2147483647;
			files = (
				E37C3B592C098D7B00DEA61D /* Preview Assets.xcassets in Resources */,
				E3CF43CD2C0FDE5700258F42 /* GoogleService-Info.plist in Resources */,
				E37C3B562C098D7B00DEA61D /* Assets.xcassets in Resources */,
				E30C28BD2C0DF1B5004C9B4D /* mentorData.json in Resources */,
			);
			runOnlyForDeploymentPostprocessing = 0;
		};
/* End PBXResourcesBuildPhase section */

/* Begin PBXSourcesBuildPhase section */
		E37C3B4A2C098D7A00DEA61D /* Sources */ = {
			isa = PBXSourcesBuildPhase;
			buildActionMask = 2147483647;
			files = (
				E3CF43EB2C10599F00258F42 /* UserDetailsView.swift in Sources */,
				E3CF43E92C102A2B00258F42 /* UserManager.swift in Sources */,
				E3CF43EF2C10732100258F42 /* MainMessageView.swift in Sources */,
				E3545EFC2C0F64A700452CAA /* Messaging.swift in Sources */,
				7F99B09F2C113C7B00B35C69 /* MentorDescription.swift in Sources */,
				E30C28C02C0DF250004C9B4D /* Mentor.swift in Sources */,
				E30C28BA2C0DF072004C9B4D /* SupportAreaView.swift in Sources */,
				E3CF43D02C0FE37200258F42 /* LoginView.swift in Sources */,
				E37C3B542C098D7A00DEA61D /* ContentView.swift in Sources */,
				E30C28C62C0DFB57004C9B4D /* MentorList.swift in Sources */,
				7F99B0A32C113CCD00B35C69 /* MentorImage.swift in Sources */,
				E3CF43F12C10817E00258F42 /* MainView.swift in Sources */,
				E30C28C22C0DF2DD004C9B4D /* MentorData.swift in Sources */,
				E3CF43E52C101D9900258F42 /* User.swift in Sources */,
				7F99B0B52C17D4C400B35C69 /* RequestToConnectButton.swift in Sources */,
				E3CF43DB2C0FEC2D00258F42 /* ImagePicker.swift in Sources */,
				E37C3B522C098D7A00DEA61D /* SeasonedApp.swift in Sources */,
				E3CF43ED2C10637000258F42 /* UserViewModel.swift in Sources */,
				E30C28C42C0DF311004C9B4D /* MentorRow.swift in Sources */,
			);
			runOnlyForDeploymentPostprocessing = 0;
		};
/* End PBXSourcesBuildPhase section */

/* Begin XCBuildConfiguration section */
		E37C3B5A2C098D7B00DEA61D /* Debug */ = {
			isa = XCBuildConfiguration;
			buildSettings = {
				ALWAYS_SEARCH_USER_PATHS = NO;
				ASSETCATALOG_COMPILER_GENERATE_SWIFT_ASSET_SYMBOL_EXTENSIONS = YES;
				CLANG_ANALYZER_NONNULL = YES;
				CLANG_ANALYZER_NUMBER_OBJECT_CONVERSION = YES_AGGRESSIVE;
				CLANG_CXX_LANGUAGE_STANDARD = "gnu++20";
				CLANG_ENABLE_MODULES = YES;
				CLANG_ENABLE_OBJC_ARC = YES;
				CLANG_ENABLE_OBJC_WEAK = YES;
				CLANG_WARN_BLOCK_CAPTURE_AUTORELEASING = YES;
				CLANG_WARN_BOOL_CONVERSION = YES;
				CLANG_WARN_COMMA = YES;
				CLANG_WARN_CONSTANT_CONVERSION = YES;
				CLANG_WARN_DEPRECATED_OBJC_IMPLEMENTATIONS = YES;
				CLANG_WARN_DIRECT_OBJC_ISA_USAGE = YES_ERROR;
				CLANG_WARN_DOCUMENTATION_COMMENTS = YES;
				CLANG_WARN_EMPTY_BODY = YES;
				CLANG_WARN_ENUM_CONVERSION = YES;
				CLANG_WARN_INFINITE_RECURSION = YES;
				CLANG_WARN_INT_CONVERSION = YES;
				CLANG_WARN_NON_LITERAL_NULL_CONVERSION = YES;
				CLANG_WARN_OBJC_IMPLICIT_RETAIN_SELF = YES;
				CLANG_WARN_OBJC_LITERAL_CONVERSION = YES;
				CLANG_WARN_OBJC_ROOT_CLASS = YES_ERROR;
				CLANG_WARN_QUOTED_INCLUDE_IN_FRAMEWORK_HEADER = YES;
				CLANG_WARN_RANGE_LOOP_ANALYSIS = YES;
				CLANG_WARN_STRICT_PROTOTYPES = YES;
				CLANG_WARN_SUSPICIOUS_MOVE = YES;
				CLANG_WARN_UNGUARDED_AVAILABILITY = YES_AGGRESSIVE;
				CLANG_WARN_UNREACHABLE_CODE = YES;
				CLANG_WARN__DUPLICATE_METHOD_MATCH = YES;
				COPY_PHASE_STRIP = NO;
				DEBUG_INFORMATION_FORMAT = dwarf;
				ENABLE_STRICT_OBJC_MSGSEND = YES;
				ENABLE_TESTABILITY = YES;
				ENABLE_USER_SCRIPT_SANDBOXING = YES;
				GCC_C_LANGUAGE_STANDARD = gnu17;
				GCC_DYNAMIC_NO_PIC = NO;
				GCC_NO_COMMON_BLOCKS = YES;
				GCC_OPTIMIZATION_LEVEL = 0;
				GCC_PREPROCESSOR_DEFINITIONS = (
					"DEBUG=1",
					"$(inherited)",
				);
				GCC_WARN_64_TO_32_BIT_CONVERSION = YES;
				GCC_WARN_ABOUT_RETURN_TYPE = YES_ERROR;
				GCC_WARN_UNDECLARED_SELECTOR = YES;
				GCC_WARN_UNINITIALIZED_AUTOS = YES_AGGRESSIVE;
				GCC_WARN_UNUSED_FUNCTION = YES;
				GCC_WARN_UNUSED_VARIABLE = YES;
				IPHONEOS_DEPLOYMENT_TARGET = 17.5;
				LOCALIZATION_PREFERS_STRING_CATALOGS = YES;
				MTL_ENABLE_DEBUG_INFO = INCLUDE_SOURCE;
				MTL_FAST_MATH = YES;
				ONLY_ACTIVE_ARCH = YES;
				SDKROOT = iphoneos;
				SWIFT_ACTIVE_COMPILATION_CONDITIONS = "DEBUG $(inherited)";
				SWIFT_OPTIMIZATION_LEVEL = "-Onone";
			};
			name = Debug;
		};
		E37C3B5B2C098D7B00DEA61D /* Release */ = {
			isa = XCBuildConfiguration;
			buildSettings = {
				ALWAYS_SEARCH_USER_PATHS = NO;
				ASSETCATALOG_COMPILER_GENERATE_SWIFT_ASSET_SYMBOL_EXTENSIONS = YES;
				CLANG_ANALYZER_NONNULL = YES;
				CLANG_ANALYZER_NUMBER_OBJECT_CONVERSION = YES_AGGRESSIVE;
				CLANG_CXX_LANGUAGE_STANDARD = "gnu++20";
				CLANG_ENABLE_MODULES = YES;
				CLANG_ENABLE_OBJC_ARC = YES;
				CLANG_ENABLE_OBJC_WEAK = YES;
				CLANG_WARN_BLOCK_CAPTURE_AUTORELEASING = YES;
				CLANG_WARN_BOOL_CONVERSION = YES;
				CLANG_WARN_COMMA = YES;
				CLANG_WARN_CONSTANT_CONVERSION = YES;
				CLANG_WARN_DEPRECATED_OBJC_IMPLEMENTATIONS = YES;
				CLANG_WARN_DIRECT_OBJC_ISA_USAGE = YES_ERROR;
				CLANG_WARN_DOCUMENTATION_COMMENTS = YES;
				CLANG_WARN_EMPTY_BODY = YES;
				CLANG_WARN_ENUM_CONVERSION = YES;
				CLANG_WARN_INFINITE_RECURSION = YES;
				CLANG_WARN_INT_CONVERSION = YES;
				CLANG_WARN_NON_LITERAL_NULL_CONVERSION = YES;
				CLANG_WARN_OBJC_IMPLICIT_RETAIN_SELF = YES;
				CLANG_WARN_OBJC_LITERAL_CONVERSION = YES;
				CLANG_WARN_OBJC_ROOT_CLASS = YES_ERROR;
				CLANG_WARN_QUOTED_INCLUDE_IN_FRAMEWORK_HEADER = YES;
				CLANG_WARN_RANGE_LOOP_ANALYSIS = YES;
				CLANG_WARN_STRICT_PROTOTYPES = YES;
				CLANG_WARN_SUSPICIOUS_MOVE = YES;
				CLANG_WARN_UNGUARDED_AVAILABILITY = YES_AGGRESSIVE;
				CLANG_WARN_UNREACHABLE_CODE = YES;
				CLANG_WARN__DUPLICATE_METHOD_MATCH = YES;
				COPY_PHASE_STRIP = NO;
				DEBUG_INFORMATION_FORMAT = "dwarf-with-dsym";
				ENABLE_NS_ASSERTIONS = NO;
				ENABLE_STRICT_OBJC_MSGSEND = YES;
				ENABLE_USER_SCRIPT_SANDBOXING = YES;
				GCC_C_LANGUAGE_STANDARD = gnu17;
				GCC_NO_COMMON_BLOCKS = YES;
				GCC_WARN_64_TO_32_BIT_CONVERSION = YES;
				GCC_WARN_ABOUT_RETURN_TYPE = YES_ERROR;
				GCC_WARN_UNDECLARED_SELECTOR = YES;
				GCC_WARN_UNINITIALIZED_AUTOS = YES_AGGRESSIVE;
				GCC_WARN_UNUSED_FUNCTION = YES;
				GCC_WARN_UNUSED_VARIABLE = YES;
				IPHONEOS_DEPLOYMENT_TARGET = 17.5;
				LOCALIZATION_PREFERS_STRING_CATALOGS = YES;
				MTL_ENABLE_DEBUG_INFO = NO;
				MTL_FAST_MATH = YES;
				SDKROOT = iphoneos;
				SWIFT_COMPILATION_MODE = wholemodule;
				VALIDATE_PRODUCT = YES;
			};
			name = Release;
		};
		E37C3B5D2C098D7B00DEA61D /* Debug */ = {
			isa = XCBuildConfiguration;
			buildSettings = {
				ASSETCATALOG_COMPILER_APPICON_NAME = AppIcon;
				ASSETCATALOG_COMPILER_GLOBAL_ACCENT_COLOR_NAME = AccentColor;
				CODE_SIGN_STYLE = Automatic;
				CURRENT_PROJECT_VERSION = 1;
				DEVELOPMENT_ASSET_PATHS = "\"Seasoned/Preview Content\"";
				ENABLE_PREVIEWS = YES;
				GENERATE_INFOPLIST_FILE = YES;
				INFOPLIST_KEY_UIApplicationSceneManifest_Generation = YES;
				INFOPLIST_KEY_UIApplicationSupportsIndirectInputEvents = YES;
				INFOPLIST_KEY_UILaunchScreen_Generation = YES;
				INFOPLIST_KEY_UISupportedInterfaceOrientations_iPad = "UIInterfaceOrientationPortrait UIInterfaceOrientationPortraitUpsideDown UIInterfaceOrientationLandscapeLeft UIInterfaceOrientationLandscapeRight";
				INFOPLIST_KEY_UISupportedInterfaceOrientations_iPhone = "UIInterfaceOrientationPortrait UIInterfaceOrientationLandscapeLeft UIInterfaceOrientationLandscapeRight";
				LD_RUNPATH_SEARCH_PATHS = (
					"$(inherited)",
					"@executable_path/Frameworks",
				);
				MARKETING_VERSION = 1.0;
				PRODUCT_BUNDLE_IDENTIFIER = au.edu.uts.Seasoned;
				PRODUCT_NAME = "$(TARGET_NAME)";
				SWIFT_EMIT_LOC_STRINGS = YES;
				SWIFT_VERSION = 5.0;
				TARGETED_DEVICE_FAMILY = "1,2";
			};
			name = Debug;
		};
		E37C3B5E2C098D7B00DEA61D /* Release */ = {
			isa = XCBuildConfiguration;
			buildSettings = {
				ASSETCATALOG_COMPILER_APPICON_NAME = AppIcon;
				ASSETCATALOG_COMPILER_GLOBAL_ACCENT_COLOR_NAME = AccentColor;
				CODE_SIGN_STYLE = Automatic;
				CURRENT_PROJECT_VERSION = 1;
				DEVELOPMENT_ASSET_PATHS = "\"Seasoned/Preview Content\"";
				ENABLE_PREVIEWS = YES;
				GENERATE_INFOPLIST_FILE = YES;
				INFOPLIST_KEY_UIApplicationSceneManifest_Generation = YES;
				INFOPLIST_KEY_UIApplicationSupportsIndirectInputEvents = YES;
				INFOPLIST_KEY_UILaunchScreen_Generation = YES;
				INFOPLIST_KEY_UISupportedInterfaceOrientations_iPad = "UIInterfaceOrientationPortrait UIInterfaceOrientationPortraitUpsideDown UIInterfaceOrientationLandscapeLeft UIInterfaceOrientationLandscapeRight";
				INFOPLIST_KEY_UISupportedInterfaceOrientations_iPhone = "UIInterfaceOrientationPortrait UIInterfaceOrientationLandscapeLeft UIInterfaceOrientationLandscapeRight";
				LD_RUNPATH_SEARCH_PATHS = (
					"$(inherited)",
					"@executable_path/Frameworks",
				);
				MARKETING_VERSION = 1.0;
				PRODUCT_BUNDLE_IDENTIFIER = au.edu.uts.Seasoned;
				PRODUCT_NAME = "$(TARGET_NAME)";
				SWIFT_EMIT_LOC_STRINGS = YES;
				SWIFT_VERSION = 5.0;
				TARGETED_DEVICE_FAMILY = "1,2";
			};
			name = Release;
		};
/* End XCBuildConfiguration section */

/* Begin XCConfigurationList section */
		E37C3B492C098D7A00DEA61D /* Build configuration list for PBXProject "Seasoned" */ = {
			isa = XCConfigurationList;
			buildConfigurations = (
				E37C3B5A2C098D7B00DEA61D /* Debug */,
				E37C3B5B2C098D7B00DEA61D /* Release */,
			);
			defaultConfigurationIsVisible = 0;
			defaultConfigurationName = Release;
		};
		E37C3B5C2C098D7B00DEA61D /* Build configuration list for PBXNativeTarget "Seasoned" */ = {
			isa = XCConfigurationList;
			buildConfigurations = (
				E37C3B5D2C098D7B00DEA61D /* Debug */,
				E37C3B5E2C098D7B00DEA61D /* Release */,
			);
			defaultConfigurationIsVisible = 0;
			defaultConfigurationName = Release;
		};
/* End XCConfigurationList section */

/* Begin XCRemoteSwiftPackageReference section */
		E3CF43D12C0FE5D600258F42 /* XCRemoteSwiftPackageReference "firebase-ios-sdk" */ = {
			isa = XCRemoteSwiftPackageReference;
			repositoryURL = "https://github.com/firebase/firebase-ios-sdk";
			requirement = {
				kind = upToNextMajorVersion;
				minimumVersion = 10.27.0;
			};
		};
		E3CF43E12C1007F200258F42 /* XCRemoteSwiftPackageReference "SDWebImageSwiftUI" */ = {
			isa = XCRemoteSwiftPackageReference;
			repositoryURL = "https://github.com/SDWebImage/SDWebImageSwiftUI.git";
			requirement = {
				kind = upToNextMajorVersion;
				minimumVersion = 3.0.4;
			};
		};
/* End XCRemoteSwiftPackageReference section */

/* Begin XCSwiftPackageProductDependency section */
		E3CF43D22C0FE5D600258F42 /* FirebaseAnalytics */ = {
			isa = XCSwiftPackageProductDependency;
			package = E3CF43D12C0FE5D600258F42 /* XCRemoteSwiftPackageReference "firebase-ios-sdk" */;
			productName = FirebaseAnalytics;
		};
		E3CF43D42C0FE5D600258F42 /* FirebaseAuth */ = {
			isa = XCSwiftPackageProductDependency;
			package = E3CF43D12C0FE5D600258F42 /* XCRemoteSwiftPackageReference "firebase-ios-sdk" */;
			productName = FirebaseAuth;
		};
		E3CF43D62C0FE5D600258F42 /* FirebaseStorage */ = {
			isa = XCSwiftPackageProductDependency;
			package = E3CF43D12C0FE5D600258F42 /* XCRemoteSwiftPackageReference "firebase-ios-sdk" */;
			productName = FirebaseStorage;
		};
		E3CF43DD2C0FF8FD00258F42 /* FirebaseFirestore */ = {
			isa = XCSwiftPackageProductDependency;
			package = E3CF43D12C0FE5D600258F42 /* XCRemoteSwiftPackageReference "firebase-ios-sdk" */;
			productName = FirebaseFirestore;
		};
		E3CF43E22C1007F200258F42 /* SDWebImageSwiftUI */ = {
			isa = XCSwiftPackageProductDependency;
			package = E3CF43E12C1007F200258F42 /* XCRemoteSwiftPackageReference "SDWebImageSwiftUI" */;
			productName = SDWebImageSwiftUI;
		};
/* End XCSwiftPackageProductDependency section */
	};
	rootObject = E37C3B462C098D7A00DEA61D /* Project object */;
}
